// !$*UTF8*$!
{
	archiveVersion = 1;
	classes = {
	};
	objectVersion = 56;
	objects = {

/* Begin PBXBuildFile section */
		7D4214C029854A2C00BA4D06 /* AppDelegate.swift in Sources */ = {isa = PBXBuildFile; fileRef = 7D4214BF29854A2C00BA4D06 /* AppDelegate.swift */; };
		7D4214C229854A2C00BA4D06 /* SceneDelegate.swift in Sources */ = {isa = PBXBuildFile; fileRef = 7D4214C129854A2C00BA4D06 /* SceneDelegate.swift */; };
		7D4214C429854A2C00BA4D06 /* IntroductionViewController.swift in Sources */ = {isa = PBXBuildFile; fileRef = 7D4214C329854A2C00BA4D06 /* IntroductionViewController.swift */; };
		7D4214C729854A2C00BA4D06 /* Main.storyboard in Resources */ = {isa = PBXBuildFile; fileRef = 7D4214C529854A2C00BA4D06 /* Main.storyboard */; };
		7D4214C929854A2D00BA4D06 /* Assets.xcassets in Resources */ = {isa = PBXBuildFile; fileRef = 7D4214C829854A2D00BA4D06 /* Assets.xcassets */; };
		7D4214CC29854A2D00BA4D06 /* LaunchScreen.storyboard in Resources */ = {isa = PBXBuildFile; fileRef = 7D4214CA29854A2D00BA4D06 /* LaunchScreen.storyboard */; };
		7D4F52A9298597AE00F71929 /* QuestionViewController.swift in Sources */ = {isa = PBXBuildFile; fileRef = 7D4F52A8298597AE00F71929 /* QuestionViewController.swift */; };
		7D4F52AB298597C100F71929 /* ResultsViewController.swift in Sources */ = {isa = PBXBuildFile; fileRef = 7D4F52AA298597C100F71929 /* ResultsViewController.swift */; };
		7D4F52AD2985A1D900F71929 /* Questions.swift in Sources */ = {isa = PBXBuildFile; fileRef = 7D4F52AC2985A1D900F71929 /* Questions.swift */; };
		7D9D530829885D9900E65082 /* Quiz.xcdatamodeld in Sources */ = {isa = PBXBuildFile; fileRef = 7D9D530629885D9900E65082 /* Quiz.xcdatamodeld */; };
/* End PBXBuildFile section */

/* Begin PBXFileReference section */
		7D4214BC29854A2C00BA4D06 /* PersonalityQuiz.app */ = {isa = PBXFileReference; explicitFileType = wrapper.application; includeInIndex = 0; path = PersonalityQuiz.app; sourceTree = BUILT_PRODUCTS_DIR; };
		7D4214BF29854A2C00BA4D06 /* AppDelegate.swift */ = {isa = PBXFileReference; lastKnownFileType = sourcecode.swift; path = AppDelegate.swift; sourceTree = "<group>"; };
		7D4214C129854A2C00BA4D06 /* SceneDelegate.swift */ = {isa = PBXFileReference; lastKnownFileType = sourcecode.swift; path = SceneDelegate.swift; sourceTree = "<group>"; };
		7D4214C329854A2C00BA4D06 /* IntroductionViewController.swift */ = {isa = PBXFileReference; lastKnownFileType = sourcecode.swift; path = IntroductionViewController.swift; sourceTree = "<group>"; };
		7D4214C629854A2C00BA4D06 /* Base */ = {isa = PBXFileReference; lastKnownFileType = file.storyboard; name = Base; path = Base.lproj/Main.storyboard; sourceTree = "<group>"; };
		7D4214C829854A2D00BA4D06 /* Assets.xcassets */ = {isa = PBXFileReference; lastKnownFileType = folder.assetcatalog; path = Assets.xcassets; sourceTree = "<group>"; };
		7D4214CB29854A2D00BA4D06 /* Base */ = {isa = PBXFileReference; lastKnownFileType = file.storyboard; name = Base; path = Base.lproj/LaunchScreen.storyboard; sourceTree = "<group>"; };
		7D4214CD29854A2D00BA4D06 /* Info.plist */ = {isa = PBXFileReference; lastKnownFileType = text.plist.xml; path = Info.plist; sourceTree = "<group>"; };
		7D4F52A8298597AE00F71929 /* QuestionViewController.swift */ = {isa = PBXFileReference; lastKnownFileType = sourcecode.swift; path = QuestionViewController.swift; sourceTree = "<group>"; };
		7D4F52AA298597C100F71929 /* ResultsViewController.swift */ = {isa = PBXFileReference; lastKnownFileType = sourcecode.swift; path = ResultsViewController.swift; sourceTree = "<group>"; };
		7D4F52AC2985A1D900F71929 /* Questions.swift */ = {isa = PBXFileReference; lastKnownFileType = sourcecode.swift; path = Questions.swift; sourceTree = "<group>"; };
		7D9D530729885D9900E65082 /* Quiz.xcdatamodel */ = {isa = PBXFileReference; lastKnownFileType = wrapper.xcdatamodel; path = Quiz.xcdatamodel; sourceTree = "<group>"; };
/* End PBXFileReference section */

/* Begin PBXFrameworksBuildPhase section */
		7D4214B929854A2C00BA4D06 /* Frameworks */ = {
			isa = PBXFrameworksBuildPhase;
			buildActionMask = 2147483647;
			files = (
			);
			runOnlyForDeploymentPostprocessing = 0;
		};
/* End PBXFrameworksBuildPhase section */

/* Begin PBXGroup section */
		7D4214B329854A2C00BA4D06 = {
			isa = PBXGroup;
			children = (
				7D4214BE29854A2C00BA4D06 /* PersonalityQuiz */,
				7D4214BD29854A2C00BA4D06 /* Products */,
			);
			sourceTree = "<group>";
		};
		7D4214BD29854A2C00BA4D06 /* Products */ = {
			isa = PBXGroup;
			children = (
				7D4214BC29854A2C00BA4D06 /* PersonalityQuiz.app */,
			);
			name = Products;
			sourceTree = "<group>";
		};
		7D4214BE29854A2C00BA4D06 /* PersonalityQuiz */ = {
			isa = PBXGroup;
			children = (
				7D4F52A8298597AE00F71929 /* QuestionViewController.swift */,
				7D4F52AA298597C100F71929 /* ResultsViewController.swift */,
				7D4214C329854A2C00BA4D06 /* IntroductionViewController.swift */,
				7D4214BF29854A2C00BA4D06 /* AppDelegate.swift */,
				7D4214C129854A2C00BA4D06 /* SceneDelegate.swift */,
				7D4214C529854A2C00BA4D06 /* Main.storyboard */,
				7D4F52AC2985A1D900F71929 /* Questions.swift */,
				7D4214C829854A2D00BA4D06 /* Assets.xcassets */,
				7D4214CA29854A2D00BA4D06 /* LaunchScreen.storyboard */,
				7D4214CD29854A2D00BA4D06 /* Info.plist */,
				7D9D530629885D9900E65082 /* Quiz.xcdatamodeld */,
			);
			path = PersonalityQuiz;
			sourceTree = "<group>";
		};
/* End PBXGroup section */

/* Begin PBXNativeTarget section */
		7D4214BB29854A2C00BA4D06 /* PersonalityQuiz */ = {
			isa = PBXNativeTarget;
			buildConfigurationList = 7D4214D029854A2D00BA4D06 /* Build configuration list for PBXNativeTarget "PersonalityQuiz" */;
			buildPhases = (
				7D4214B829854A2C00BA4D06 /* Sources */,
				7D4214B929854A2C00BA4D06 /* Frameworks */,
				7D4214BA29854A2C00BA4D06 /* Resources */,
			);
			buildRules = (
			);
			dependencies = (
			);
			name = PersonalityQuiz;
			productName = PersonalityQuiz;
			productReference = 7D4214BC29854A2C00BA4D06 /* PersonalityQuiz.app */;
			productType = "com.apple.product-type.application";
		};
/* End PBXNativeTarget section */

/* Begin PBXProject section */
		7D4214B429854A2C00BA4D06 /* Project object */ = {
			isa = PBXProject;
			attributes = {
				BuildIndependentTargetsInParallel = 1;
				LastSwiftUpdateCheck = 1420;
				LastUpgradeCheck = 1420;
				TargetAttributes = {
					7D4214BB29854A2C00BA4D06 = {
						CreatedOnToolsVersion = 14.2;
					};
				};
			};
			buildConfigurationList = 7D4214B729854A2C00BA4D06 /* Build configuration list for PBXProject "PersonalityQuiz" */;
			compatibilityVersion = "Xcode 14.0";
			developmentRegion = en;
			hasScannedForEncodings = 0;
			knownRegions = (
				en,
				Base,
			);
			mainGroup = 7D4214B329854A2C00BA4D06;
			productRefGroup = 7D4214BD29854A2C00BA4D06 /* Products */;
			projectDirPath = "";
			projectRoot = "";
			targets = (
				7D4214BB29854A2C00BA4D06 /* PersonalityQuiz */,
			);
		};
/* End PBXProject section */

/* Begin PBXResourcesBuildPhase section */
		7D4214BA29854A2C00BA4D06 /* Resources */ = {
			isa = PBXResourcesBuildPhase;
			buildActionMask = 2147483647;
			files = (
				7D4214CC29854A2D00BA4D06 /* LaunchScreen.storyboard in Resources */,
				7D4214C929854A2D00BA4D06 /* Assets.xcassets in Resources */,
				7D4214C729854A2C00BA4D06 /* Main.storyboard in Resources */,
			);
			runOnlyForDeploymentPostprocessing = 0;
		};
/* End PBXResourcesBuildPhase section */

/* Begin PBXSourcesBuildPhase section */
		7D4214B829854A2C00BA4D06 /* Sources */ = {
			isa = PBXSourcesBuildPhase;
			buildActionMask = 2147483647;
			files = (
				7D4214C429854A2C00BA4D06 /* IntroductionViewController.swift in Sources */,
				7D4214C029854A2C00BA4D06 /* AppDelegate.swift in Sources */,
				7D4F52A9298597AE00F71929 /* QuestionViewController.swift in Sources */,
				7D4F52AD2985A1D900F71929 /* Questions.swift in Sources */,
				7D4F52AB298597C100F71929 /* ResultsViewController.swift in Sources */,
				7D9D530829885D9900E65082 /* Quiz.xcdatamodeld in Sources */,
				7D4214C229854A2C00BA4D06 /* SceneDelegate.swift in Sources */,
			);
			runOnlyForDeploymentPostprocessing = 0;
		};
/* End PBXSourcesBuildPhase section */

/* Begin PBXVariantGroup section */
		7D4214C529854A2C00BA4D06 /* Main.storyboard */ = {
			isa = PBXVariantGroup;
			children = (
				7D4214C629854A2C00BA4D06 /* Base */,
			);
			name = Main.storyboard;
			sourceTree = "<group>";
		};
		7D4214CA29854A2D00BA4D06 /* LaunchScreen.storyboard */ = {
			isa = PBXVariantGroup;
			children = (
				7D4214CB29854A2D00BA4D06 /* Base */,
			);
			name = LaunchScreen.storyboard;
			sourceTree = "<group>";
		};
/* End PBXVariantGroup section */

/* Begin XCBuildConfiguration section */
		7D4214CE29854A2D00BA4D06 /* Debug */ = {
			isa = XCBuildConfiguration;
			buildSettings = {
				ALWAYS_SEARCH_USER_PATHS = NO;
				CLANG_ANALYZER_NONNULL = YES;
				CLANG_ANALYZER_NUMBER_OBJECT_CONVERSION = YES_AGGRESSIVE;
				CLANG_CXX_LANGUAGE_STANDARD = "gnu++20";
				CLANG_ENABLE_MODULES = YES;
				CLANG_ENABLE_OBJC_ARC = YES;
				CLANG_ENABLE_OBJC_WEAK = YES;
				CLANG_WARN_BLOCK_CAPTURE_AUTORELEASING = YES;
				CLANG_WARN_BOOL_CONVERSION = YES;
				CLANG_WARN_COMMA = YES;
				CLANG_WARN_CONSTANT_CONVERSION = YES;
				CLANG_WARN_DEPRECATED_OBJC_IMPLEMENTATIONS = YES;
				CLANG_WARN_DIRECT_OBJC_ISA_USAGE = YES_ERROR;
				CLANG_WARN_DOCUMENTATION_COMMENTS = YES;
				CLANG_WARN_EMPTY_BODY = YES;
				CLANG_WARN_ENUM_CONVERSION = YES;
				CLANG_WARN_INFINITE_RECURSION = YES;
				CLANG_WARN_INT_CONVERSION = YES;
				CLANG_WARN_NON_LITERAL_NULL_CONVERSION = YES;
				CLANG_WARN_OBJC_IMPLICIT_RETAIN_SELF = YES;
				CLANG_WARN_OBJC_LITERAL_CONVERSION = YES;
				CLANG_WARN_OBJC_ROOT_CLASS = YES_ERROR;
				CLANG_WARN_QUOTED_INCLUDE_IN_FRAMEWORK_HEADER = YES;
				CLANG_WARN_RANGE_LOOP_ANALYSIS = YES;
				CLANG_WARN_STRICT_PROTOTYPES = YES;
				CLANG_WARN_SUSPICIOUS_MOVE = YES;
				CLANG_WARN_UNGUARDED_AVAILABILITY = YES_AGGRESSIVE;
				CLANG_WARN_UNREACHABLE_CODE = YES;
				CLANG_WARN__DUPLICATE_METHOD_MATCH = YES;
				COPY_PHASE_STRIP = NO;
				DEBUG_INFORMATION_FORMAT = dwarf;
				ENABLE_STRICT_OBJC_MSGSEND = YES;
				ENABLE_TESTABILITY = YES;
				GCC_C_LANGUAGE_STANDARD = gnu11;
				GCC_DYNAMIC_NO_PIC = NO;
				GCC_NO_COMMON_BLOCKS = YES;
				GCC_OPTIMIZATION_LEVEL = 0;
				GCC_PREPROCESSOR_DEFINITIONS = (
					"DEBUG=1",
					"$(inherited)",
				);
				GCC_WARN_64_TO_32_BIT_CONVERSION = YES;
				GCC_WARN_ABOUT_RETURN_TYPE = YES_ERROR;
				GCC_WARN_UNDECLARED_SELECTOR = YES;
				GCC_WARN_UNINITIALIZED_AUTOS = YES_AGGRESSIVE;
				GCC_WARN_UNUSED_FUNCTION = YES;
				GCC_WARN_UNUSED_VARIABLE = YES;
				IPHONEOS_DEPLOYMENT_TARGET = 16.2;
				MTL_ENABLE_DEBUG_INFO = INCLUDE_SOURCE;
				MTL_FAST_MATH = YES;
				ONLY_ACTIVE_ARCH = YES;
				SDKROOT = iphoneos;
				SWIFT_ACTIVE_COMPILATION_CONDITIONS = DEBUG;
				SWIFT_OPTIMIZATION_LEVEL = "-Onone";
			};
			name = Debug;
		};
		7D4214CF29854A2D00BA4D06 /* Release */ = {
			isa = XCBuildConfiguration;
			buildSettings = {
				ALWAYS_SEARCH_USER_PATHS = NO;
				CLANG_ANALYZER_NONNULL = YES;
				CLANG_ANALYZER_NUMBER_OBJECT_CONVERSION = YES_AGGRESSIVE;
				CLANG_CXX_LANGUAGE_STANDARD = "gnu++20";
				CLANG_ENABLE_MODULES = YES;
				CLANG_ENABLE_OBJC_ARC = YES;
				CLANG_ENABLE_OBJC_WEAK = YES;
				CLANG_WARN_BLOCK_CAPTURE_AUTORELEASING = YES;
				CLANG_WARN_BOOL_CONVERSION = YES;
				CLANG_WARN_COMMA = YES;
				CLANG_WARN_CONSTANT_CONVERSION = YES;
				CLANG_WARN_DEPRECATED_OBJC_IMPLEMENTATIONS = YES;
				CLANG_WARN_DIRECT_OBJC_ISA_USAGE = YES_ERROR;
				CLANG_WARN_DOCUMENTATION_COMMENTS = YES;
				CLANG_WARN_EMPTY_BODY = YES;
				CLANG_WARN_ENUM_CONVERSION = YES;
				CLANG_WARN_INFINITE_RECURSION = YES;
				CLANG_WARN_INT_CONVERSION = YES;
				CLANG_WARN_NON_LITERAL_NULL_CONVERSION = YES;
				CLANG_WARN_OBJC_IMPLICIT_RETAIN_SELF = YES;
				CLANG_WARN_OBJC_LITERAL_CONVERSION = YES;
				CLANG_WARN_OBJC_ROOT_CLASS = YES_ERROR;
				CLANG_WARN_QUOTED_INCLUDE_IN_FRAMEWORK_HEADER = YES;
				CLANG_WARN_RANGE_LOOP_ANALYSIS = YES;
				CLANG_WARN_STRICT_PROTOTYPES = YES;
				CLANG_WARN_SUSPICIOUS_MOVE = YES;
				CLANG_WARN_UNGUARDED_AVAILABILITY = YES_AGGRESSIVE;
				CLANG_WARN_UNREACHABLE_CODE = YES;
				CLANG_WARN__DUPLICATE_METHOD_MATCH = YES;
				COPY_PHASE_STRIP = NO;
				DEBUG_INFORMATION_FORMAT = "dwarf-with-dsym";
				ENABLE_NS_ASSERTIONS = NO;
				ENABLE_STRICT_OBJC_MSGSEND = YES;
				GCC_C_LANGUAGE_STANDARD = gnu11;
				GCC_NO_COMMON_BLOCKS = YES;
				GCC_WARN_64_TO_32_BIT_CONVERSION = YES;
				GCC_WARN_ABOUT_RETURN_TYPE = YES_ERROR;
				GCC_WARN_UNDECLARED_SELECTOR = YES;
				GCC_WARN_UNINITIALIZED_AUTOS = YES_AGGRESSIVE;
				GCC_WARN_UNUSED_FUNCTION = YES;
				GCC_WARN_UNUSED_VARIABLE = YES;
				IPHONEOS_DEPLOYMENT_TARGET = 16.2;
				MTL_ENABLE_DEBUG_INFO = NO;
				MTL_FAST_MATH = YES;
				SDKROOT = iphoneos;
				SWIFT_COMPILATION_MODE = wholemodule;
				SWIFT_OPTIMIZATION_LEVEL = "-O";
				VALIDATE_PRODUCT = YES;
			};
			name = Release;
		};
		7D4214D129854A2D00BA4D06 /* Debug */ = {
			isa = XCBuildConfiguration;
			buildSettings = {
				ASSETCATALOG_COMPILER_APPICON_NAME = AppIcon;
				ASSETCATALOG_COMPILER_GLOBAL_ACCENT_COLOR_NAME = AccentColor;
				CODE_SIGN_STYLE = Automatic;
				CURRENT_PROJECT_VERSION = 1;
				DEVELOPMENT_TEAM = UV9T3V6SYB;
				GENERATE_INFOPLIST_FILE = YES;
				INFOPLIST_FILE = PersonalityQuiz/Info.plist;
				INFOPLIST_KEY_UIApplicationSupportsIndirectInputEvents = YES;
				INFOPLIST_KEY_UILaunchStoryboardName = LaunchScreen;
				INFOPLIST_KEY_UIMainStoryboardFile = Main;
				INFOPLIST_KEY_UISupportedInterfaceOrientations_iPad = "UIInterfaceOrientationPortrait UIInterfaceOrientationPortraitUpsideDown UIInterfaceOrientationLandscapeLeft UIInterfaceOrientationLandscapeRight";
				INFOPLIST_KEY_UISupportedInterfaceOrientations_iPhone = "UIInterfaceOrientationPortrait UIInterfaceOrientationLandscapeLeft UIInterfaceOrientationLandscapeRight";
				LD_RUNPATH_SEARCH_PATHS = (
					"$(inherited)",
					"@executable_path/Frameworks",
				);
				MARKETING_VERSION = 1.0;
				PRODUCT_BUNDLE_IDENTIFIER = pro100org.PersonalityQuiz;
				PRODUCT_NAME = "$(TARGET_NAME)";
				SWIFT_EMIT_LOC_STRINGS = YES;
				SWIFT_VERSION = 5.0;
				TARGETED_DEVICE_FAMILY = "1,2";
			};
			name = Debug;
		};
		7D4214D229854A2D00BA4D06 /* Release */ = {
			isa = XCBuildConfiguration;
			buildSettings = {
				ASSETCATALOG_COMPILER_APPICON_NAME = AppIcon;
				ASSETCATALOG_COMPILER_GLOBAL_ACCENT_COLOR_NAME = AccentColor;
				CODE_SIGN_STYLE = Automatic;
				CURRENT_PROJECT_VERSION = 1;
				DEVELOPMENT_TEAM = UV9T3V6SYB;
				GENERATE_INFOPLIST_FILE = YES;
				INFOPLIST_FILE = PersonalityQuiz/Info.plist;
				INFOPLIST_KEY_UIApplicationSupportsIndirectInputEvents = YES;
				INFOPLIST_KEY_UILaunchStoryboardName = LaunchScreen;
				INFOPLIST_KEY_UIMainStoryboardFile = Main;
				INFOPLIST_KEY_UISupportedInterfaceOrientations_iPad = "UIInterfaceOrientationPortrait UIInterfaceOrientationPortraitUpsideDown UIInterfaceOrientationLandscapeLeft UIInterfaceOrientationLandscapeRight";
				INFOPLIST_KEY_UISupportedInterfaceOrientations_iPhone = "UIInterfaceOrientationPortrait UIInterfaceOrientationLandscapeLeft UIInterfaceOrientationLandscapeRight";
				LD_RUNPATH_SEARCH_PATHS = (
					"$(inherited)",
					"@executable_path/Frameworks",
				);
				MARKETING_VERSION = 1.0;
				PRODUCT_BUNDLE_IDENTIFIER = pro100org.PersonalityQuiz;
				PRODUCT_NAME = "$(TARGET_NAME)";
				SWIFT_EMIT_LOC_STRINGS = YES;
				SWIFT_VERSION = 5.0;
				TARGETED_DEVICE_FAMILY = "1,2";
			};
			name = Release;
		};
/* End XCBuildConfiguration section */

/* Begin XCConfigurationList section */
		7D4214B729854A2C00BA4D06 /* Build configuration list for PBXProject "PersonalityQuiz" */ = {
			isa = XCConfigurationList;
			buildConfigurations = (
				7D4214CE29854A2D00BA4D06 /* Debug */,
				7D4214CF29854A2D00BA4D06 /* Release */,
			);
			defaultConfigurationIsVisible = 0;
			defaultConfigurationName = Release;
		};
		7D4214D029854A2D00BA4D06 /* Build configuration list for PBXNativeTarget "PersonalityQuiz" */ = {
			isa = XCConfigurationList;
			buildConfigurations = (
				7D4214D129854A2D00BA4D06 /* Debug */,
				7D4214D229854A2D00BA4D06 /* Release */,
			);
			defaultConfigurationIsVisible = 0;
			defaultConfigurationName = Release;
		};
/* End XCConfigurationList section */

/* Begin XCVersionGroup section */
		7D9D530629885D9900E65082 /* Quiz.xcdatamodeld */ = {
			isa = XCVersionGroup;
			children = (
				7D9D530729885D9900E65082 /* Quiz.xcdatamodel */,
			);
			currentVersion = 7D9D530729885D9900E65082 /* Quiz.xcdatamodel */;
			path = Quiz.xcdatamodeld;
			sourceTree = "<group>";
			versionGroupType = wrapper.xcdatamodel;
		};
/* End XCVersionGroup section */
	};
	rootObject = 7D4214B429854A2C00BA4D06 /* Project object */;
}
